
Microsoft Visual Studio Solution File, Format Version 12.00
# Visual Studio Version 17
VisualStudioVersion = 17.13.35825.156 d17.13
MinimumVisualStudioVersion = 10.0.40219.1
Project("{FAE04EC0-301F-11D3-BF4B-00C04F79EFBC}") = "SimpleHotelRoomManagement_EF_Core", "SimpleHotelRoomManagement_EF_Core\SimpleHotelRoomManagement_EF_Core.csproj", "{7D4AA421-B3D5-49B2-ACDD-0C2055BB34CE}"
EndProject
Global
	GlobalSection(SolutionConfigurationPlatforms) = preSolution
		Debug|Any CPU = Debug|Any CPU
		Release|Any CPU = Release|Any CPU
	EndGlobalSection
	GlobalSection(ProjectConfigurationPlatforms) = postSolution
		{7D4AA421-B3D5-49B2-ACDD-0C2055BB34CE}.Debug|Any CPU.ActiveCfg = Debug|Any CPU
		{7D4AA421-B3D5-49B2-ACDD-0C2055BB34CE}.Debug|Any CPU.Build.0 = Debug|Any CPU
		{7D4AA421-B3D5-49B2-ACDD-0C2055BB34CE}.Release|Any CPU.ActiveCfg = Release|Any CPU
		{7D4AA421-B3D5-49B2-ACDD-0C2055BB34CE}.Release|Any CPU.Build.0 = Release|Any CPU
	EndGlobalSection
	GlobalSection(SolutionProperties) = preSolution
		HideSolutionNode = FALSE
	EndGlobalSection
	GlobalSection(ExtensibilityGlobals) = postSolution
		SolutionGuid = {143C05FD-FFBC-49A6-AFC8-D74C8B6BCCC0}
	EndGlobalSection
EndGlobal
